
Microsoft Visual Studio Solution File, Format Version 12.00
# Visual Studio 14
VisualStudioVersion = 14.0.25420.1
MinimumVisualStudioVersion = 10.0.40219.1
Project("{FAE04EC0-301F-11D3-BF4B-00C04F79EFBC}") = "PdfUtils", "PdfUtils\PdfUtils.csproj", "{A4A8D2FE-037D-49F3-A088-FF1D9EC17DB6}"
EndProject
Project("{FAE04EC0-301F-11D3-BF4B-00C04F79EFBC}") = "Utils", "Utils\Utils.csproj", "{3B597EC0-90D5-43C5-AF1B-18A8CB5A7A36}"
EndProject
Project("{FAE04EC0-301F-11D3-BF4B-00C04F79EFBC}") = "PdfApp", "PdfApp\PdfApp.csproj", "{8F1D668D-3A68-4DBA-9E69-DF44A11A8BB4}"
EndProject
Global
	GlobalSection(SolutionConfigurationPlatforms) = preSolution
		Debug|Any CPU = Debug|Any CPU
		Release|Any CPU = Release|Any CPU
	EndGlobalSection
	GlobalSection(ProjectConfigurationPlatforms) = postSolution
		{A4A8D2FE-037D-49F3-A088-FF1D9EC17DB6}.Debug|Any CPU.ActiveCfg = Debug|Any CPU
		{A4A8D2FE-037D-49F3-A088-FF1D9EC17DB6}.Debug|Any CPU.Build.0 = Debug|Any CPU
		{A4A8D2FE-037D-49F3-A088-FF1D9EC17DB6}.Release|Any CPU.ActiveCfg = Release|Any CPU
		{A4A8D2FE-037D-49F3-A088-FF1D9EC17DB6}.Release|Any CPU.Build.0 = Release|Any CPU
		{3B597EC0-90D5-43C5-AF1B-18A8CB5A7A36}.Debug|Any CPU.ActiveCfg = Debug|Any CPU
		{3B597EC0-90D5-43C5-AF1B-18A8CB5A7A36}.Debug|Any CPU.Build.0 = Debug|Any CPU
		{3B597EC0-90D5-43C5-AF1B-18A8CB5A7A36}.Release|Any CPU.ActiveCfg = Release|Any CPU
		{3B597EC0-90D5-43C5-AF1B-18A8CB5A7A36}.Release|Any CPU.Build.0 = Release|Any CPU
		{8F1D668D-3A68-4DBA-9E69-DF44A11A8BB4}.Debug|Any CPU.ActiveCfg = Debug|Any CPU
		{8F1D668D-3A68-4DBA-9E69-DF44A11A8BB4}.Debug|Any CPU.Build.0 = Debug|Any CPU
		{8F1D668D-3A68-4DBA-9E69-DF44A11A8BB4}.Release|Any CPU.ActiveCfg = Release|Any CPU
		{8F1D668D-3A68-4DBA-9E69-DF44A11A8BB4}.Release|Any CPU.Build.0 = Release|Any CPU
	EndGlobalSection
	GlobalSection(SolutionProperties) = preSolution
		HideSolutionNode = FALSE
	EndGlobalSection
EndGlobal
